
Microsoft Visual Studio Solution File, Format Version 12.00
# Visual Studio Version 17
VisualStudioVersion = 17.0.31903.59
MinimumVisualStudioVersion = 10.0.40219.1
Project("{2150E333-8FDC-42A3-9474-1A3956D46DE8}") = "day17", "day17", "{BC0D724A-3B15-4E9C-9509-0F14047E0311}"
EndProject
Project("{FAE04EC0-301F-11D3-BF4B-00C04F79EFBC}") = "ConditionalCompilation", "day17\ConditionalCompilation\ConditionalCompilation.csproj", "{663AD5FC-B539-4278-B9BE-54EBEF512F4B}"
EndProject
Project("{2150E333-8FDC-42A3-9474-1A3956D46DE8}") = "day01", "day01", "{BAE46C64-DF41-49A2-A498-BF4284F15AE6}"
EndProject
Project("{2150E333-8FDC-42A3-9474-1A3956D46DE8}") = "day02", "day02", "{78641990-42CD-4D97-9F90-6DF25DE38245}"
EndProject
Project("{2150E333-8FDC-42A3-9474-1A3956D46DE8}") = "day03", "day03", "{F11CC4DF-363B-4307-8F12-95513049EAA6}"
EndProject
Project("{2150E333-8FDC-42A3-9474-1A3956D46DE8}") = "day04", "day04", "{7EA3C2D2-0DE1-44CE-9C57-114A8BFB0A11}"
EndProject
Project("{2150E333-8FDC-42A3-9474-1A3956D46DE8}") = "day05", "day05", "{562EE484-7327-447D-B153-BF39D8202BBB}"
EndProject
Project("{2150E333-8FDC-42A3-9474-1A3956D46DE8}") = "day06", "day06", "{FB7BB662-AAF7-4BCC-87FE-FB3DDC6A2680}"
EndProject
Project("{2150E333-8FDC-42A3-9474-1A3956D46DE8}") = "day07", "day07", "{E3E2654F-13C8-4A0D-9BB5-244D7D65B375}"
EndProject
Project("{2150E333-8FDC-42A3-9474-1A3956D46DE8}") = "day08", "day08", "{54FAA34D-AAD8-43D2-A589-6ABAB4D07955}"
EndProject
Project("{FAE04EC0-301F-11D3-BF4B-00C04F79EFBC}") = "day01", "day01\day01.csproj", "{EDE96AD6-BC1B-4D81-80CE-6D43832D1C38}"
EndProject
Project("{FAE04EC0-301F-11D3-BF4B-00C04F79EFBC}") = "day02", "day02\day02.csproj", "{9D7E8F7A-5E5C-41CE-8C77-D1E1C9B134EF}"
EndProject
Project("{FAE04EC0-301F-11D3-BF4B-00C04F79EFBC}") = "day03", "day03\day03.csproj", "{D334DBF0-CA80-4022-8FE2-46F2DF4EBB27}"
EndProject
Project("{FAE04EC0-301F-11D3-BF4B-00C04F79EFBC}") = "car", "day04\Compotition\car.csproj", "{D8D21065-2C3D-406D-9BE1-AC885989C399}"
EndProject
Project("{FAE04EC0-301F-11D3-BF4B-00C04F79EFBC}") = "DataType", "day04\DataType\DataType.csproj", "{3646536C-92A0-422A-9EF6-67487692BAE9}"
EndProject
Project("{FAE04EC0-301F-11D3-BF4B-00C04F79EFBC}") = "Dynamic", "day04\Dynamic\Dynamic.csproj", "{97115265-B0DE-4104-9BFF-F313E1F9AEB1}"
EndProject
Project("{FAE04EC0-301F-11D3-BF4B-00C04F79EFBC}") = "Object", "day04\Object\Object.csproj", "{88C0E5B0-D7E4-4F2A-BCDC-537253B0CA48}"
EndProject
Project("{FAE04EC0-301F-11D3-BF4B-00C04F79EFBC}") = "Properties", "day04\Properties\Properties.csproj", "{E5B3F5ED-3468-4AB4-A700-82C588441D5F}"
EndProject
Project("{FAE04EC0-301F-11D3-BF4B-00C04F79EFBC}") = "RefInOut", "day04\RefInOut\RefInOut.csproj", "{95CF0093-8BF4-4987-A74D-FFA91CAC468E}"
EndProject
Project("{FAE04EC0-301F-11D3-BF4B-00C04F79EFBC}") = "Abstraction", "day05\Abstraction\Abstraction.csproj", "{0276EB36-161F-45E9-9771-112835A6BA3C}"
EndProject
Project("{FAE04EC0-301F-11D3-BF4B-00C04F79EFBC}") = "CheckStudent", "day05\CheckStudent\CheckStudent.csproj", "{B2EC3C0B-CB5E-4560-B09B-37280AE5A930}"
EndProject
Project("{FAE04EC0-301F-11D3-BF4B-00C04F79EFBC}") = "Interface", "day05\Interface\Interface.csproj", "{C843B92A-101A-4B96-B324-7A79E7641944}"
EndProject
Project("{FAE04EC0-301F-11D3-BF4B-00C04F79EFBC}") = "Static", "day05\Static\Static.csproj", "{71F0476A-5B53-4079-A70C-64A33EE2AAB0}"
EndProject
Project("{FAE04EC0-301F-11D3-BF4B-00C04F79EFBC}") = "Delegate", "day06\Delegate\Delegate.csproj", "{2795DA00-AB1B-481C-AC6F-F026285E27C1}"
EndProject
Project("{FAE04EC0-301F-11D3-BF4B-00C04F79EFBC}") = "Enum", "day06\Enum\Enum.csproj", "{2BBD92FD-E989-42F8-9DEF-6DCEECED777F}"
EndProject
Project("{FAE04EC0-301F-11D3-BF4B-00C04F79EFBC}") = "EXtensionMethod", "day06\EXtensionMethod\EXtensionMethod.csproj", "{B0D09979-7F38-47FF-A735-4CF313FAE0D5}"
EndProject
Project("{FAE04EC0-301F-11D3-BF4B-00C04F79EFBC}") = "GameLibrary", "day06\GameLibrary\GameLibrary.csproj", "{A275B0D0-668E-4C75-90DF-5186E9543906}"
EndProject
Project("{FAE04EC0-301F-11D3-BF4B-00C04F79EFBC}") = "Generic", "day06\Generic\Generic.csproj", "{DFED1755-3A92-436A-B506-FA96EA47A536}"
EndProject
Project("{FAE04EC0-301F-11D3-BF4B-00C04F79EFBC}") = "GenericConstraint", "day06\GenericConstraint\GenericConstraint.csproj", "{28A775A8-5D0C-4F8D-9D3F-BAC1041D26B0}"
EndProject
Project("{FAE04EC0-301F-11D3-BF4B-00C04F79EFBC}") = "OperatorOverloading", "day06\OperatorOverloading\OperatorOverloading.csproj", "{186AA5F7-681D-4F4C-A8B3-330F4D934625}"
EndProject
Project("{FAE04EC0-301F-11D3-BF4B-00C04F79EFBC}") = "ActionFunc", "day07\ActionFunc\ActionFunc.csproj", "{74C714B2-C0C8-4A11-94CE-56D4255A52E9}"
EndProject
Project("{FAE04EC0-301F-11D3-BF4B-00C04F79EFBC}") = "Delegate", "day07\Delegate\Delegate.csproj", "{996C0F35-BBE2-4CEB-9048-023C05EBA2F7}"
EndProject
Project("{FAE04EC0-301F-11D3-BF4B-00C04F79EFBC}") = "EventHandler", "day07\EventHandler\EventHandler.csproj", "{B8B82EE6-3E42-4FE1-A131-0034D89C940F}"
EndProject
Project("{FAE04EC0-301F-11D3-BF4B-00C04F79EFBC}") = "Enumerable", "day08\Enumerable\Enumerable.csproj", "{A71D1A3F-0C89-42DC-810D-DFB3ED48F044}"
EndProject
Project("{FAE04EC0-301F-11D3-BF4B-00C04F79EFBC}") = "ExceptionHandling", "day08\ExceptionHandling\ExceptionHandling.csproj", "{CBDB6E5B-00DF-467C-BC83-0CC6915CEC6F}"
EndProject
Project("{FAE04EC0-301F-11D3-BF4B-00C04F79EFBC}") = "LambdaExpression", "day08\LambdaExpression\LambdaExpression.csproj", "{3985875E-6951-444D-B475-7C16EAAB22C3}"
EndProject
Project("{FAE04EC0-301F-11D3-BF4B-00C04F79EFBC}") = "DebugLogicError", "day17\DebugLogicError\DebugLogicError.csproj", "{F75A55FF-8A5C-43B5-925E-7C2246636A60}"
EndProject
Project("{FAE04EC0-301F-11D3-BF4B-00C04F79EFBC}") = "Benchmark", "day17\Benchmark\Benchmark.csproj", "{8FEDBF83-7297-4880-91C7-022DECA71422}"
EndProject
Global
	GlobalSection(SolutionConfigurationPlatforms) = preSolution
		Debug|Any CPU = Debug|Any CPU
		Release|Any CPU = Release|Any CPU
	EndGlobalSection
	GlobalSection(SolutionProperties) = preSolution
		HideSolutionNode = FALSE
	EndGlobalSection
	GlobalSection(ProjectConfigurationPlatforms) = postSolution
		{663AD5FC-B539-4278-B9BE-54EBEF512F4B}.Debug|Any CPU.ActiveCfg = Debug|Any CPU
		{663AD5FC-B539-4278-B9BE-54EBEF512F4B}.Debug|Any CPU.Build.0 = Debug|Any CPU
		{663AD5FC-B539-4278-B9BE-54EBEF512F4B}.Release|Any CPU.ActiveCfg = Release|Any CPU
		{663AD5FC-B539-4278-B9BE-54EBEF512F4B}.Release|Any CPU.Build.0 = Release|Any CPU
		{EDE96AD6-BC1B-4D81-80CE-6D43832D1C38}.Debug|Any CPU.ActiveCfg = Debug|Any CPU
		{EDE96AD6-BC1B-4D81-80CE-6D43832D1C38}.Debug|Any CPU.Build.0 = Debug|Any CPU
		{EDE96AD6-BC1B-4D81-80CE-6D43832D1C38}.Release|Any CPU.ActiveCfg = Release|Any CPU
		{EDE96AD6-BC1B-4D81-80CE-6D43832D1C38}.Release|Any CPU.Build.0 = Release|Any CPU
		{9D7E8F7A-5E5C-41CE-8C77-D1E1C9B134EF}.Debug|Any CPU.ActiveCfg = Debug|Any CPU
		{9D7E8F7A-5E5C-41CE-8C77-D1E1C9B134EF}.Debug|Any CPU.Build.0 = Debug|Any CPU
		{9D7E8F7A-5E5C-41CE-8C77-D1E1C9B134EF}.Release|Any CPU.ActiveCfg = Release|Any CPU
		{9D7E8F7A-5E5C-41CE-8C77-D1E1C9B134EF}.Release|Any CPU.Build.0 = Release|Any CPU
		{D334DBF0-CA80-4022-8FE2-46F2DF4EBB27}.Debug|Any CPU.ActiveCfg = Debug|Any CPU
		{D334DBF0-CA80-4022-8FE2-46F2DF4EBB27}.Debug|Any CPU.Build.0 = Debug|Any CPU
		{D334DBF0-CA80-4022-8FE2-46F2DF4EBB27}.Release|Any CPU.ActiveCfg = Release|Any CPU
		{D334DBF0-CA80-4022-8FE2-46F2DF4EBB27}.Release|Any CPU.Build.0 = Release|Any CPU
		{D8D21065-2C3D-406D-9BE1-AC885989C399}.Debug|Any CPU.ActiveCfg = Debug|Any CPU
		{D8D21065-2C3D-406D-9BE1-AC885989C399}.Debug|Any CPU.Build.0 = Debug|Any CPU
		{D8D21065-2C3D-406D-9BE1-AC885989C399}.Release|Any CPU.ActiveCfg = Release|Any CPU
		{D8D21065-2C3D-406D-9BE1-AC885989C399}.Release|Any CPU.Build.0 = Release|Any CPU
		{3646536C-92A0-422A-9EF6-67487692BAE9}.Debug|Any CPU.ActiveCfg = Debug|Any CPU
		{3646536C-92A0-422A-9EF6-67487692BAE9}.Debug|Any CPU.Build.0 = Debug|Any CPU
		{3646536C-92A0-422A-9EF6-67487692BAE9}.Release|Any CPU.ActiveCfg = Release|Any CPU
		{3646536C-92A0-422A-9EF6-67487692BAE9}.Release|Any CPU.Build.0 = Release|Any CPU
		{97115265-B0DE-4104-9BFF-F313E1F9AEB1}.Debug|Any CPU.ActiveCfg = Debug|Any CPU
		{97115265-B0DE-4104-9BFF-F313E1F9AEB1}.Debug|Any CPU.Build.0 = Debug|Any CPU
		{97115265-B0DE-4104-9BFF-F313E1F9AEB1}.Release|Any CPU.ActiveCfg = Release|Any CPU
		{97115265-B0DE-4104-9BFF-F313E1F9AEB1}.Release|Any CPU.Build.0 = Release|Any CPU
		{88C0E5B0-D7E4-4F2A-BCDC-537253B0CA48}.Debug|Any CPU.ActiveCfg = Debug|Any CPU
		{88C0E5B0-D7E4-4F2A-BCDC-537253B0CA48}.Debug|Any CPU.Build.0 = Debug|Any CPU
		{88C0E5B0-D7E4-4F2A-BCDC-537253B0CA48}.Release|Any CPU.ActiveCfg = Release|Any CPU
		{88C0E5B0-D7E4-4F2A-BCDC-537253B0CA48}.Release|Any CPU.Build.0 = Release|Any CPU
		{E5B3F5ED-3468-4AB4-A700-82C588441D5F}.Debug|Any CPU.ActiveCfg = Debug|Any CPU
		{E5B3F5ED-3468-4AB4-A700-82C588441D5F}.Debug|Any CPU.Build.0 = Debug|Any CPU
		{E5B3F5ED-3468-4AB4-A700-82C588441D5F}.Release|Any CPU.ActiveCfg = Release|Any CPU
		{E5B3F5ED-3468-4AB4-A700-82C588441D5F}.Release|Any CPU.Build.0 = Release|Any CPU
		{95CF0093-8BF4-4987-A74D-FFA91CAC468E}.Debug|Any CPU.ActiveCfg = Debug|Any CPU
		{95CF0093-8BF4-4987-A74D-FFA91CAC468E}.Debug|Any CPU.Build.0 = Debug|Any CPU
		{95CF0093-8BF4-4987-A74D-FFA91CAC468E}.Release|Any CPU.ActiveCfg = Release|Any CPU
		{95CF0093-8BF4-4987-A74D-FFA91CAC468E}.Release|Any CPU.Build.0 = Release|Any CPU
		{0276EB36-161F-45E9-9771-112835A6BA3C}.Debug|Any CPU.ActiveCfg = Debug|Any CPU
		{0276EB36-161F-45E9-9771-112835A6BA3C}.Debug|Any CPU.Build.0 = Debug|Any CPU
		{0276EB36-161F-45E9-9771-112835A6BA3C}.Release|Any CPU.ActiveCfg = Release|Any CPU
		{0276EB36-161F-45E9-9771-112835A6BA3C}.Release|Any CPU.Build.0 = Release|Any CPU
		{B2EC3C0B-CB5E-4560-B09B-37280AE5A930}.Debug|Any CPU.ActiveCfg = Debug|Any CPU
		{B2EC3C0B-CB5E-4560-B09B-37280AE5A930}.Debug|Any CPU.Build.0 = Debug|Any CPU
		{B2EC3C0B-CB5E-4560-B09B-37280AE5A930}.Release|Any CPU.ActiveCfg = Release|Any CPU
		{B2EC3C0B-CB5E-4560-B09B-37280AE5A930}.Release|Any CPU.Build.0 = Release|Any CPU
		{C843B92A-101A-4B96-B324-7A79E7641944}.Debug|Any CPU.ActiveCfg = Debug|Any CPU
		{C843B92A-101A-4B96-B324-7A79E7641944}.Debug|Any CPU.Build.0 = Debug|Any CPU
		{C843B92A-101A-4B96-B324-7A79E7641944}.Release|Any CPU.ActiveCfg = Release|Any CPU
		{C843B92A-101A-4B96-B324-7A79E7641944}.Release|Any CPU.Build.0 = Release|Any CPU
		{71F0476A-5B53-4079-A70C-64A33EE2AAB0}.Debug|Any CPU.ActiveCfg = Debug|Any CPU
		{71F0476A-5B53-4079-A70C-64A33EE2AAB0}.Debug|Any CPU.Build.0 = Debug|Any CPU
		{71F0476A-5B53-4079-A70C-64A33EE2AAB0}.Release|Any CPU.ActiveCfg = Release|Any CPU
		{71F0476A-5B53-4079-A70C-64A33EE2AAB0}.Release|Any CPU.Build.0 = Release|Any CPU
		{2795DA00-AB1B-481C-AC6F-F026285E27C1}.Debug|Any CPU.ActiveCfg = Debug|Any CPU
		{2795DA00-AB1B-481C-AC6F-F026285E27C1}.Debug|Any CPU.Build.0 = Debug|Any CPU
		{2795DA00-AB1B-481C-AC6F-F026285E27C1}.Release|Any CPU.ActiveCfg = Release|Any CPU
		{2795DA00-AB1B-481C-AC6F-F026285E27C1}.Release|Any CPU.Build.0 = Release|Any CPU
		{2BBD92FD-E989-42F8-9DEF-6DCEECED777F}.Debug|Any CPU.ActiveCfg = Debug|Any CPU
		{2BBD92FD-E989-42F8-9DEF-6DCEECED777F}.Debug|Any CPU.Build.0 = Debug|Any CPU
		{2BBD92FD-E989-42F8-9DEF-6DCEECED777F}.Release|Any CPU.ActiveCfg = Release|Any CPU
		{2BBD92FD-E989-42F8-9DEF-6DCEECED777F}.Release|Any CPU.Build.0 = Release|Any CPU
		{B0D09979-7F38-47FF-A735-4CF313FAE0D5}.Debug|Any CPU.ActiveCfg = Debug|Any CPU
		{B0D09979-7F38-47FF-A735-4CF313FAE0D5}.Debug|Any CPU.Build.0 = Debug|Any CPU
		{B0D09979-7F38-47FF-A735-4CF313FAE0D5}.Release|Any CPU.ActiveCfg = Release|Any CPU
		{B0D09979-7F38-47FF-A735-4CF313FAE0D5}.Release|Any CPU.Build.0 = Release|Any CPU
		{A275B0D0-668E-4C75-90DF-5186E9543906}.Debug|Any CPU.ActiveCfg = Debug|Any CPU
		{A275B0D0-668E-4C75-90DF-5186E9543906}.Debug|Any CPU.Build.0 = Debug|Any CPU
		{A275B0D0-668E-4C75-90DF-5186E9543906}.Release|Any CPU.ActiveCfg = Release|Any CPU
		{A275B0D0-668E-4C75-90DF-5186E9543906}.Release|Any CPU.Build.0 = Release|Any CPU
		{DFED1755-3A92-436A-B506-FA96EA47A536}.Debug|Any CPU.ActiveCfg = Debug|Any CPU
		{DFED1755-3A92-436A-B506-FA96EA47A536}.Debug|Any CPU.Build.0 = Debug|Any CPU
		{DFED1755-3A92-436A-B506-FA96EA47A536}.Release|Any CPU.ActiveCfg = Release|Any CPU
		{DFED1755-3A92-436A-B506-FA96EA47A536}.Release|Any CPU.Build.0 = Release|Any CPU
		{28A775A8-5D0C-4F8D-9D3F-BAC1041D26B0}.Debug|Any CPU.ActiveCfg = Debug|Any CPU
		{28A775A8-5D0C-4F8D-9D3F-BAC1041D26B0}.Debug|Any CPU.Build.0 = Debug|Any CPU
		{28A775A8-5D0C-4F8D-9D3F-BAC1041D26B0}.Release|Any CPU.ActiveCfg = Release|Any CPU
		{28A775A8-5D0C-4F8D-9D3F-BAC1041D26B0}.Release|Any CPU.Build.0 = Release|Any CPU
		{186AA5F7-681D-4F4C-A8B3-330F4D934625}.Debug|Any CPU.ActiveCfg = Debug|Any CPU
		{186AA5F7-681D-4F4C-A8B3-330F4D934625}.Debug|Any CPU.Build.0 = Debug|Any CPU
		{186AA5F7-681D-4F4C-A8B3-330F4D934625}.Release|Any CPU.ActiveCfg = Release|Any CPU
		{186AA5F7-681D-4F4C-A8B3-330F4D934625}.Release|Any CPU.Build.0 = Release|Any CPU
		{74C714B2-C0C8-4A11-94CE-56D4255A52E9}.Debug|Any CPU.ActiveCfg = Debug|Any CPU
		{74C714B2-C0C8-4A11-94CE-56D4255A52E9}.Debug|Any CPU.Build.0 = Debug|Any CPU
		{74C714B2-C0C8-4A11-94CE-56D4255A52E9}.Release|Any CPU.ActiveCfg = Release|Any CPU
		{74C714B2-C0C8-4A11-94CE-56D4255A52E9}.Release|Any CPU.Build.0 = Release|Any CPU
		{996C0F35-BBE2-4CEB-9048-023C05EBA2F7}.Debug|Any CPU.ActiveCfg = Debug|Any CPU
		{996C0F35-BBE2-4CEB-9048-023C05EBA2F7}.Debug|Any CPU.Build.0 = Debug|Any CPU
		{996C0F35-BBE2-4CEB-9048-023C05EBA2F7}.Release|Any CPU.ActiveCfg = Release|Any CPU
		{996C0F35-BBE2-4CEB-9048-023C05EBA2F7}.Release|Any CPU.Build.0 = Release|Any CPU
		{B8B82EE6-3E42-4FE1-A131-0034D89C940F}.Debug|Any CPU.ActiveCfg = Debug|Any CPU
		{B8B82EE6-3E42-4FE1-A131-0034D89C940F}.Debug|Any CPU.Build.0 = Debug|Any CPU
		{B8B82EE6-3E42-4FE1-A131-0034D89C940F}.Release|Any CPU.ActiveCfg = Release|Any CPU
		{B8B82EE6-3E42-4FE1-A131-0034D89C940F}.Release|Any CPU.Build.0 = Release|Any CPU
		{A71D1A3F-0C89-42DC-810D-DFB3ED48F044}.Debug|Any CPU.ActiveCfg = Debug|Any CPU
		{A71D1A3F-0C89-42DC-810D-DFB3ED48F044}.Debug|Any CPU.Build.0 = Debug|Any CPU
		{A71D1A3F-0C89-42DC-810D-DFB3ED48F044}.Release|Any CPU.ActiveCfg = Release|Any CPU
		{A71D1A3F-0C89-42DC-810D-DFB3ED48F044}.Release|Any CPU.Build.0 = Release|Any CPU
		{CBDB6E5B-00DF-467C-BC83-0CC6915CEC6F}.Debug|Any CPU.ActiveCfg = Debug|Any CPU
		{CBDB6E5B-00DF-467C-BC83-0CC6915CEC6F}.Debug|Any CPU.Build.0 = Debug|Any CPU
		{CBDB6E5B-00DF-467C-BC83-0CC6915CEC6F}.Release|Any CPU.ActiveCfg = Release|Any CPU
		{CBDB6E5B-00DF-467C-BC83-0CC6915CEC6F}.Release|Any CPU.Build.0 = Release|Any CPU
		{3985875E-6951-444D-B475-7C16EAAB22C3}.Debug|Any CPU.ActiveCfg = Debug|Any CPU
		{3985875E-6951-444D-B475-7C16EAAB22C3}.Debug|Any CPU.Build.0 = Debug|Any CPU
		{3985875E-6951-444D-B475-7C16EAAB22C3}.Release|Any CPU.ActiveCfg = Release|Any CPU
		{3985875E-6951-444D-B475-7C16EAAB22C3}.Release|Any CPU.Build.0 = Release|Any CPU
		{F75A55FF-8A5C-43B5-925E-7C2246636A60}.Debug|Any CPU.ActiveCfg = Debug|Any CPU
		{F75A55FF-8A5C-43B5-925E-7C2246636A60}.Debug|Any CPU.Build.0 = Debug|Any CPU
		{F75A55FF-8A5C-43B5-925E-7C2246636A60}.Release|Any CPU.ActiveCfg = Release|Any CPU
		{F75A55FF-8A5C-43B5-925E-7C2246636A60}.Release|Any CPU.Build.0 = Release|Any CPU
		{8FEDBF83-7297-4880-91C7-022DECA71422}.Debug|Any CPU.ActiveCfg = Debug|Any CPU
		{8FEDBF83-7297-4880-91C7-022DECA71422}.Debug|Any CPU.Build.0 = Debug|Any CPU
		{8FEDBF83-7297-4880-91C7-022DECA71422}.Release|Any CPU.ActiveCfg = Release|Any CPU
		{8FEDBF83-7297-4880-91C7-022DECA71422}.Release|Any CPU.Build.0 = Release|Any CPU
	EndGlobalSection
	GlobalSection(NestedProjects) = preSolution
		{663AD5FC-B539-4278-B9BE-54EBEF512F4B} = {BC0D724A-3B15-4E9C-9509-0F14047E0311}
		{EDE96AD6-BC1B-4D81-80CE-6D43832D1C38} = {BAE46C64-DF41-49A2-A498-BF4284F15AE6}
		{9D7E8F7A-5E5C-41CE-8C77-D1E1C9B134EF} = {78641990-42CD-4D97-9F90-6DF25DE38245}
		{D334DBF0-CA80-4022-8FE2-46F2DF4EBB27} = {F11CC4DF-363B-4307-8F12-95513049EAA6}
		{D8D21065-2C3D-406D-9BE1-AC885989C399} = {7EA3C2D2-0DE1-44CE-9C57-114A8BFB0A11}
		{3646536C-92A0-422A-9EF6-67487692BAE9} = {7EA3C2D2-0DE1-44CE-9C57-114A8BFB0A11}
		{97115265-B0DE-4104-9BFF-F313E1F9AEB1} = {7EA3C2D2-0DE1-44CE-9C57-114A8BFB0A11}
		{88C0E5B0-D7E4-4F2A-BCDC-537253B0CA48} = {7EA3C2D2-0DE1-44CE-9C57-114A8BFB0A11}
		{E5B3F5ED-3468-4AB4-A700-82C588441D5F} = {7EA3C2D2-0DE1-44CE-9C57-114A8BFB0A11}
		{95CF0093-8BF4-4987-A74D-FFA91CAC468E} = {7EA3C2D2-0DE1-44CE-9C57-114A8BFB0A11}
		{0276EB36-161F-45E9-9771-112835A6BA3C} = {562EE484-7327-447D-B153-BF39D8202BBB}
		{B2EC3C0B-CB5E-4560-B09B-37280AE5A930} = {562EE484-7327-447D-B153-BF39D8202BBB}
		{C843B92A-101A-4B96-B324-7A79E7641944} = {562EE484-7327-447D-B153-BF39D8202BBB}
		{71F0476A-5B53-4079-A70C-64A33EE2AAB0} = {562EE484-7327-447D-B153-BF39D8202BBB}
		{2795DA00-AB1B-481C-AC6F-F026285E27C1} = {FB7BB662-AAF7-4BCC-87FE-FB3DDC6A2680}
		{2BBD92FD-E989-42F8-9DEF-6DCEECED777F} = {FB7BB662-AAF7-4BCC-87FE-FB3DDC6A2680}
		{B0D09979-7F38-47FF-A735-4CF313FAE0D5} = {FB7BB662-AAF7-4BCC-87FE-FB3DDC6A2680}
		{A275B0D0-668E-4C75-90DF-5186E9543906} = {FB7BB662-AAF7-4BCC-87FE-FB3DDC6A2680}
		{DFED1755-3A92-436A-B506-FA96EA47A536} = {FB7BB662-AAF7-4BCC-87FE-FB3DDC6A2680}
		{28A775A8-5D0C-4F8D-9D3F-BAC1041D26B0} = {FB7BB662-AAF7-4BCC-87FE-FB3DDC6A2680}
		{186AA5F7-681D-4F4C-A8B3-330F4D934625} = {FB7BB662-AAF7-4BCC-87FE-FB3DDC6A2680}
		{74C714B2-C0C8-4A11-94CE-56D4255A52E9} = {E3E2654F-13C8-4A0D-9BB5-244D7D65B375}
		{996C0F35-BBE2-4CEB-9048-023C05EBA2F7} = {E3E2654F-13C8-4A0D-9BB5-244D7D65B375}
		{B8B82EE6-3E42-4FE1-A131-0034D89C940F} = {E3E2654F-13C8-4A0D-9BB5-244D7D65B375}
		{A71D1A3F-0C89-42DC-810D-DFB3ED48F044} = {54FAA34D-AAD8-43D2-A589-6ABAB4D07955}
		{CBDB6E5B-00DF-467C-BC83-0CC6915CEC6F} = {54FAA34D-AAD8-43D2-A589-6ABAB4D07955}
		{3985875E-6951-444D-B475-7C16EAAB22C3} = {54FAA34D-AAD8-43D2-A589-6ABAB4D07955}
		{F75A55FF-8A5C-43B5-925E-7C2246636A60} = {BC0D724A-3B15-4E9C-9509-0F14047E0311}
		{8FEDBF83-7297-4880-91C7-022DECA71422} = {BC0D724A-3B15-4E9C-9509-0F14047E0311}
	EndGlobalSection
EndGlobal
