
Microsoft Visual Studio Solution File, Format Version 12.00
# Visual Studio Version 17
VisualStudioVersion = 17.0.31903.59
MinimumVisualStudioVersion = 10.0.40219.1
Project("{2150E333-8FDC-42A3-9474-1A3956D46DE8}") = "day04", "day04", "{C148D0D1-3AB4-4B08-8664-7ED261562D1C}"
EndProject
Project("{FAE04EC0-301F-11D3-BF4B-00C04F79EFBC}") = "car", "day04\Compotition\car.csproj", "{85D5ED55-9B63-43B0-812A-D79BD05E5240}"
EndProject
Project("{FAE04EC0-301F-11D3-BF4B-00C04F79EFBC}") = "DataType", "day04\DataType\DataType.csproj", "{9A39232D-5450-4D59-B7A1-D5FEFB0DCDDB}"
EndProject
Project("{FAE04EC0-301F-11D3-BF4B-00C04F79EFBC}") = "Dynamic", "day04\Dynamic\Dynamic.csproj", "{24630872-9F1A-4A9E-9036-E5CC065BFFDA}"
EndProject
Project("{FAE04EC0-301F-11D3-BF4B-00C04F79EFBC}") = "Object", "day04\Object\Object.csproj", "{3395883A-3CAA-49B9-8638-42B857D41EE2}"
EndProject
Project("{FAE04EC0-301F-11D3-BF4B-00C04F79EFBC}") = "RefInOut", "day04\RefInOut\RefInOut.csproj", "{91C903F4-E9D2-4BE5-80C9-512168EE60E7}"
EndProject
Project("{FAE04EC0-301F-11D3-BF4B-00C04F79EFBC}") = "Properties", "day04\Properties\Properties.csproj", "{3D4FDE99-F6C0-4172-847B-9CAB9371A195}"
EndProject
Project("{2150E333-8FDC-42A3-9474-1A3956D46DE8}") = "day05", "day05", "{9A812E5C-0482-4BD4-B031-24C67A3D4BB0}"
EndProject
Project("{FAE04EC0-301F-11D3-BF4B-00C04F79EFBC}") = "Abstraction", "day05\Abstraction\Abstraction.csproj", "{9B52A8ED-EA93-469E-811E-A190AD6D31B4}"
EndProject
Project("{FAE04EC0-301F-11D3-BF4B-00C04F79EFBC}") = "Interface", "day05\Interface\Interface.csproj", "{420765C0-1A0B-4786-8139-54C57849B5DF}"
EndProject
Project("{FAE04EC0-301F-11D3-BF4B-00C04F79EFBC}") = "Static", "day05\Static\Static.csproj", "{0F5F6F88-D6C5-49B5-9441-02006DACB2E0}"
EndProject
Project("{FAE04EC0-301F-11D3-BF4B-00C04F79EFBC}") = "CheckStudent", "day05\CheckStudent\CheckStudent.csproj", "{14CE97EE-AA94-4135-ABC7-F04EB5148E7F}"
EndProject
Project("{2150E333-8FDC-42A3-9474-1A3956D46DE8}") = "day06", "day06", "{CC55510F-44CB-4A7A-AE97-9B7DB6A2B919}"
EndProject
Project("{FAE04EC0-301F-11D3-BF4B-00C04F79EFBC}") = "Enum", "day06\Enum\Enum.csproj", "{B216466D-18EF-41AE-9848-7131C12F6071}"
EndProject
Project("{FAE04EC0-301F-11D3-BF4B-00C04F79EFBC}") = "GameLibrary", "day06\GameLibrary\GameLibrary.csproj", "{ED3B9105-71AC-4A60-9BDE-E8BFE7B50C0E}"
EndProject
Project("{FAE04EC0-301F-11D3-BF4B-00C04F79EFBC}") = "Generic", "day06\Generic\Generic.csproj", "{FF37F4F4-960D-452E-A6E3-1DF4A2F24D3C}"
EndProject
Project("{FAE04EC0-301F-11D3-BF4B-00C04F79EFBC}") = "EXtensionMethod", "day06\EXtensionMethod\EXtensionMethod.csproj", "{E5490655-ED9E-4CFE-BE83-0E303526E1DC}"
EndProject
Project("{FAE04EC0-301F-11D3-BF4B-00C04F79EFBC}") = "GenericConstraint", "day06\GenericConstraint\GenericConstraint.csproj", "{4DCEFAC1-4A70-4FA1-B9C7-0647B95265D3}"
EndProject
Project("{FAE04EC0-301F-11D3-BF4B-00C04F79EFBC}") = "OperatorOverloading", "day06\OperatorOverloading\OperatorOverloading.csproj", "{8A20DD24-3CB8-47BF-BB2E-EC7A9F18C957}"
EndProject
Project("{FAE04EC0-301F-11D3-BF4B-00C04F79EFBC}") = "Delegate", "day06\Delegate\Delegate.csproj", "{73CCA57B-22B2-45FF-94DA-099E95592BE1}"
EndProject
Project("{2150E333-8FDC-42A3-9474-1A3956D46DE8}") = "day07", "day07", "{5A589025-4F0E-4C10-BEFF-361D2761A4CD}"
EndProject
Project("{FAE04EC0-301F-11D3-BF4B-00C04F79EFBC}") = "Delegate", "day07\Delegate\Delegate.csproj", "{FA461312-71B2-4FE4-908C-05ADA69D4A9F}"
EndProject
Project("{FAE04EC0-301F-11D3-BF4B-00C04F79EFBC}") = "EventHandler", "day07\EventHandler\EventHandler.csproj", "{036B95B2-05E3-40D3-A709-8DC0300CC0BA}"
EndProject
Project("{FAE04EC0-301F-11D3-BF4B-00C04F79EFBC}") = "ActionFunc", "day07\ActionFunc\ActionFunc.csproj", "{2CFC8BE5-EE59-48CF-B387-DD8DB5FED649}"
EndProject
Global
	GlobalSection(SolutionConfigurationPlatforms) = preSolution
		Debug|Any CPU = Debug|Any CPU
		Release|Any CPU = Release|Any CPU
	EndGlobalSection
	GlobalSection(SolutionProperties) = preSolution
		HideSolutionNode = FALSE
	EndGlobalSection
	GlobalSection(ProjectConfigurationPlatforms) = postSolution
		{85D5ED55-9B63-43B0-812A-D79BD05E5240}.Debug|Any CPU.ActiveCfg = Debug|Any CPU
		{85D5ED55-9B63-43B0-812A-D79BD05E5240}.Debug|Any CPU.Build.0 = Debug|Any CPU
		{85D5ED55-9B63-43B0-812A-D79BD05E5240}.Release|Any CPU.ActiveCfg = Release|Any CPU
		{85D5ED55-9B63-43B0-812A-D79BD05E5240}.Release|Any CPU.Build.0 = Release|Any CPU
		{9A39232D-5450-4D59-B7A1-D5FEFB0DCDDB}.Debug|Any CPU.ActiveCfg = Debug|Any CPU
		{9A39232D-5450-4D59-B7A1-D5FEFB0DCDDB}.Debug|Any CPU.Build.0 = Debug|Any CPU
		{9A39232D-5450-4D59-B7A1-D5FEFB0DCDDB}.Release|Any CPU.ActiveCfg = Release|Any CPU
		{9A39232D-5450-4D59-B7A1-D5FEFB0DCDDB}.Release|Any CPU.Build.0 = Release|Any CPU
		{24630872-9F1A-4A9E-9036-E5CC065BFFDA}.Debug|Any CPU.ActiveCfg = Debug|Any CPU
		{24630872-9F1A-4A9E-9036-E5CC065BFFDA}.Debug|Any CPU.Build.0 = Debug|Any CPU
		{24630872-9F1A-4A9E-9036-E5CC065BFFDA}.Release|Any CPU.ActiveCfg = Release|Any CPU
		{24630872-9F1A-4A9E-9036-E5CC065BFFDA}.Release|Any CPU.Build.0 = Release|Any CPU
		{3395883A-3CAA-49B9-8638-42B857D41EE2}.Debug|Any CPU.ActiveCfg = Debug|Any CPU
		{3395883A-3CAA-49B9-8638-42B857D41EE2}.Debug|Any CPU.Build.0 = Debug|Any CPU
		{3395883A-3CAA-49B9-8638-42B857D41EE2}.Release|Any CPU.ActiveCfg = Release|Any CPU
		{3395883A-3CAA-49B9-8638-42B857D41EE2}.Release|Any CPU.Build.0 = Release|Any CPU
		{91C903F4-E9D2-4BE5-80C9-512168EE60E7}.Debug|Any CPU.ActiveCfg = Debug|Any CPU
		{91C903F4-E9D2-4BE5-80C9-512168EE60E7}.Debug|Any CPU.Build.0 = Debug|Any CPU
		{91C903F4-E9D2-4BE5-80C9-512168EE60E7}.Release|Any CPU.ActiveCfg = Release|Any CPU
		{91C903F4-E9D2-4BE5-80C9-512168EE60E7}.Release|Any CPU.Build.0 = Release|Any CPU
		{3D4FDE99-F6C0-4172-847B-9CAB9371A195}.Debug|Any CPU.ActiveCfg = Debug|Any CPU
		{3D4FDE99-F6C0-4172-847B-9CAB9371A195}.Debug|Any CPU.Build.0 = Debug|Any CPU
		{3D4FDE99-F6C0-4172-847B-9CAB9371A195}.Release|Any CPU.ActiveCfg = Release|Any CPU
		{3D4FDE99-F6C0-4172-847B-9CAB9371A195}.Release|Any CPU.Build.0 = Release|Any CPU
		{9B52A8ED-EA93-469E-811E-A190AD6D31B4}.Debug|Any CPU.ActiveCfg = Debug|Any CPU
		{9B52A8ED-EA93-469E-811E-A190AD6D31B4}.Debug|Any CPU.Build.0 = Debug|Any CPU
		{9B52A8ED-EA93-469E-811E-A190AD6D31B4}.Release|Any CPU.ActiveCfg = Release|Any CPU
		{9B52A8ED-EA93-469E-811E-A190AD6D31B4}.Release|Any CPU.Build.0 = Release|Any CPU
		{420765C0-1A0B-4786-8139-54C57849B5DF}.Debug|Any CPU.ActiveCfg = Debug|Any CPU
		{420765C0-1A0B-4786-8139-54C57849B5DF}.Debug|Any CPU.Build.0 = Debug|Any CPU
		{420765C0-1A0B-4786-8139-54C57849B5DF}.Release|Any CPU.ActiveCfg = Release|Any CPU
		{420765C0-1A0B-4786-8139-54C57849B5DF}.Release|Any CPU.Build.0 = Release|Any CPU
		{0F5F6F88-D6C5-49B5-9441-02006DACB2E0}.Debug|Any CPU.ActiveCfg = Debug|Any CPU
		{0F5F6F88-D6C5-49B5-9441-02006DACB2E0}.Debug|Any CPU.Build.0 = Debug|Any CPU
		{0F5F6F88-D6C5-49B5-9441-02006DACB2E0}.Release|Any CPU.ActiveCfg = Release|Any CPU
		{0F5F6F88-D6C5-49B5-9441-02006DACB2E0}.Release|Any CPU.Build.0 = Release|Any CPU
		{14CE97EE-AA94-4135-ABC7-F04EB5148E7F}.Debug|Any CPU.ActiveCfg = Debug|Any CPU
		{14CE97EE-AA94-4135-ABC7-F04EB5148E7F}.Debug|Any CPU.Build.0 = Debug|Any CPU
		{14CE97EE-AA94-4135-ABC7-F04EB5148E7F}.Release|Any CPU.ActiveCfg = Release|Any CPU
		{14CE97EE-AA94-4135-ABC7-F04EB5148E7F}.Release|Any CPU.Build.0 = Release|Any CPU
		{B216466D-18EF-41AE-9848-7131C12F6071}.Debug|Any CPU.ActiveCfg = Debug|Any CPU
		{B216466D-18EF-41AE-9848-7131C12F6071}.Debug|Any CPU.Build.0 = Debug|Any CPU
		{B216466D-18EF-41AE-9848-7131C12F6071}.Release|Any CPU.ActiveCfg = Release|Any CPU
		{B216466D-18EF-41AE-9848-7131C12F6071}.Release|Any CPU.Build.0 = Release|Any CPU
		{ED3B9105-71AC-4A60-9BDE-E8BFE7B50C0E}.Debug|Any CPU.ActiveCfg = Debug|Any CPU
		{ED3B9105-71AC-4A60-9BDE-E8BFE7B50C0E}.Debug|Any CPU.Build.0 = Debug|Any CPU
		{ED3B9105-71AC-4A60-9BDE-E8BFE7B50C0E}.Release|Any CPU.ActiveCfg = Release|Any CPU
		{ED3B9105-71AC-4A60-9BDE-E8BFE7B50C0E}.Release|Any CPU.Build.0 = Release|Any CPU
		{FF37F4F4-960D-452E-A6E3-1DF4A2F24D3C}.Debug|Any CPU.ActiveCfg = Debug|Any CPU
		{FF37F4F4-960D-452E-A6E3-1DF4A2F24D3C}.Debug|Any CPU.Build.0 = Debug|Any CPU
		{FF37F4F4-960D-452E-A6E3-1DF4A2F24D3C}.Release|Any CPU.ActiveCfg = Release|Any CPU
		{FF37F4F4-960D-452E-A6E3-1DF4A2F24D3C}.Release|Any CPU.Build.0 = Release|Any CPU
		{E5490655-ED9E-4CFE-BE83-0E303526E1DC}.Debug|Any CPU.ActiveCfg = Debug|Any CPU
		{E5490655-ED9E-4CFE-BE83-0E303526E1DC}.Debug|Any CPU.Build.0 = Debug|Any CPU
		{E5490655-ED9E-4CFE-BE83-0E303526E1DC}.Release|Any CPU.ActiveCfg = Release|Any CPU
		{E5490655-ED9E-4CFE-BE83-0E303526E1DC}.Release|Any CPU.Build.0 = Release|Any CPU
		{4DCEFAC1-4A70-4FA1-B9C7-0647B95265D3}.Debug|Any CPU.ActiveCfg = Debug|Any CPU
		{4DCEFAC1-4A70-4FA1-B9C7-0647B95265D3}.Debug|Any CPU.Build.0 = Debug|Any CPU
		{4DCEFAC1-4A70-4FA1-B9C7-0647B95265D3}.Release|Any CPU.ActiveCfg = Release|Any CPU
		{4DCEFAC1-4A70-4FA1-B9C7-0647B95265D3}.Release|Any CPU.Build.0 = Release|Any CPU
		{8A20DD24-3CB8-47BF-BB2E-EC7A9F18C957}.Debug|Any CPU.ActiveCfg = Debug|Any CPU
		{8A20DD24-3CB8-47BF-BB2E-EC7A9F18C957}.Debug|Any CPU.Build.0 = Debug|Any CPU
		{8A20DD24-3CB8-47BF-BB2E-EC7A9F18C957}.Release|Any CPU.ActiveCfg = Release|Any CPU
		{8A20DD24-3CB8-47BF-BB2E-EC7A9F18C957}.Release|Any CPU.Build.0 = Release|Any CPU
		{73CCA57B-22B2-45FF-94DA-099E95592BE1}.Debug|Any CPU.ActiveCfg = Debug|Any CPU
		{73CCA57B-22B2-45FF-94DA-099E95592BE1}.Debug|Any CPU.Build.0 = Debug|Any CPU
		{73CCA57B-22B2-45FF-94DA-099E95592BE1}.Release|Any CPU.ActiveCfg = Release|Any CPU
		{73CCA57B-22B2-45FF-94DA-099E95592BE1}.Release|Any CPU.Build.0 = Release|Any CPU
		{FA461312-71B2-4FE4-908C-05ADA69D4A9F}.Debug|Any CPU.ActiveCfg = Debug|Any CPU
		{FA461312-71B2-4FE4-908C-05ADA69D4A9F}.Debug|Any CPU.Build.0 = Debug|Any CPU
		{FA461312-71B2-4FE4-908C-05ADA69D4A9F}.Release|Any CPU.ActiveCfg = Release|Any CPU
		{FA461312-71B2-4FE4-908C-05ADA69D4A9F}.Release|Any CPU.Build.0 = Release|Any CPU
		{036B95B2-05E3-40D3-A709-8DC0300CC0BA}.Debug|Any CPU.ActiveCfg = Debug|Any CPU
		{036B95B2-05E3-40D3-A709-8DC0300CC0BA}.Debug|Any CPU.Build.0 = Debug|Any CPU
		{036B95B2-05E3-40D3-A709-8DC0300CC0BA}.Release|Any CPU.ActiveCfg = Release|Any CPU
		{036B95B2-05E3-40D3-A709-8DC0300CC0BA}.Release|Any CPU.Build.0 = Release|Any CPU
		{2CFC8BE5-EE59-48CF-B387-DD8DB5FED649}.Debug|Any CPU.ActiveCfg = Debug|Any CPU
		{2CFC8BE5-EE59-48CF-B387-DD8DB5FED649}.Debug|Any CPU.Build.0 = Debug|Any CPU
		{2CFC8BE5-EE59-48CF-B387-DD8DB5FED649}.Release|Any CPU.ActiveCfg = Release|Any CPU
		{2CFC8BE5-EE59-48CF-B387-DD8DB5FED649}.Release|Any CPU.Build.0 = Release|Any CPU
	EndGlobalSection
	GlobalSection(NestedProjects) = preSolution
		{85D5ED55-9B63-43B0-812A-D79BD05E5240} = {C148D0D1-3AB4-4B08-8664-7ED261562D1C}
		{9A39232D-5450-4D59-B7A1-D5FEFB0DCDDB} = {C148D0D1-3AB4-4B08-8664-7ED261562D1C}
		{24630872-9F1A-4A9E-9036-E5CC065BFFDA} = {C148D0D1-3AB4-4B08-8664-7ED261562D1C}
		{3395883A-3CAA-49B9-8638-42B857D41EE2} = {C148D0D1-3AB4-4B08-8664-7ED261562D1C}
		{91C903F4-E9D2-4BE5-80C9-512168EE60E7} = {C148D0D1-3AB4-4B08-8664-7ED261562D1C}
		{3D4FDE99-F6C0-4172-847B-9CAB9371A195} = {C148D0D1-3AB4-4B08-8664-7ED261562D1C}
		{9B52A8ED-EA93-469E-811E-A190AD6D31B4} = {9A812E5C-0482-4BD4-B031-24C67A3D4BB0}
		{420765C0-1A0B-4786-8139-54C57849B5DF} = {9A812E5C-0482-4BD4-B031-24C67A3D4BB0}
		{0F5F6F88-D6C5-49B5-9441-02006DACB2E0} = {9A812E5C-0482-4BD4-B031-24C67A3D4BB0}
		{14CE97EE-AA94-4135-ABC7-F04EB5148E7F} = {9A812E5C-0482-4BD4-B031-24C67A3D4BB0}
		{B216466D-18EF-41AE-9848-7131C12F6071} = {CC55510F-44CB-4A7A-AE97-9B7DB6A2B919}
		{ED3B9105-71AC-4A60-9BDE-E8BFE7B50C0E} = {CC55510F-44CB-4A7A-AE97-9B7DB6A2B919}
		{FF37F4F4-960D-452E-A6E3-1DF4A2F24D3C} = {CC55510F-44CB-4A7A-AE97-9B7DB6A2B919}
		{E5490655-ED9E-4CFE-BE83-0E303526E1DC} = {CC55510F-44CB-4A7A-AE97-9B7DB6A2B919}
		{4DCEFAC1-4A70-4FA1-B9C7-0647B95265D3} = {CC55510F-44CB-4A7A-AE97-9B7DB6A2B919}
		{8A20DD24-3CB8-47BF-BB2E-EC7A9F18C957} = {CC55510F-44CB-4A7A-AE97-9B7DB6A2B919}
		{73CCA57B-22B2-45FF-94DA-099E95592BE1} = {CC55510F-44CB-4A7A-AE97-9B7DB6A2B919}
		{FA461312-71B2-4FE4-908C-05ADA69D4A9F} = {5A589025-4F0E-4C10-BEFF-361D2761A4CD}
		{036B95B2-05E3-40D3-A709-8DC0300CC0BA} = {5A589025-4F0E-4C10-BEFF-361D2761A4CD}
		{2CFC8BE5-EE59-48CF-B387-DD8DB5FED649} = {5A589025-4F0E-4C10-BEFF-361D2761A4CD}
	EndGlobalSection
EndGlobal
