
Microsoft Visual Studio Solution File, Format Version 12.00
# Visual Studio Version 17
VisualStudioVersion = 17.5.002.0
MinimumVisualStudioVersion = 10.0.40219.1
Project("{9A19103F-16F7-4668-BE54-9A1E7A4F7556}") = "day02", "day02.csproj", "{64E76B68-D507-4B1B-9A37-2E28BEF94ECE}"
EndProject
Global
	GlobalSection(SolutionConfigurationPlatforms) = preSolution
		Debug|Any CPU = Debug|Any CPU
		Release|Any CPU = Release|Any CPU
	EndGlobalSection
	GlobalSection(ProjectConfigurationPlatforms) = postSolution
		{64E76B68-D507-4B1B-9A37-2E28BEF94ECE}.Debug|Any CPU.ActiveCfg = Debug|Any CPU
		{64E76B68-D507-4B1B-9A37-2E28BEF94ECE}.Debug|Any CPU.Build.0 = Debug|Any CPU
		{64E76B68-D507-4B1B-9A37-2E28BEF94ECE}.Release|Any CPU.ActiveCfg = Release|Any CPU
		{64E76B68-D507-4B1B-9A37-2E28BEF94ECE}.Release|Any CPU.Build.0 = Release|Any CPU
	EndGlobalSection
	GlobalSection(SolutionProperties) = preSolution
		HideSolutionNode = FALSE
	EndGlobalSection
	GlobalSection(ExtensibilityGlobals) = postSolution
		SolutionGuid = {C4D89847-F7ED-4987-AC49-2A4D64D65211}
	EndGlobalSection
EndGlobal
